// !$*UTF8*$!
{
	archiveVersion = 1;
	classes = {
	};
	objectVersion = 50;
	objects = {

/* Begin PBXBuildFile section */
		9892BDD4267D316400ED9808 /* AppDelegate.swift in Sources */ = {isa = PBXBuildFile; fileRef = 9892BDD3267D316400ED9808 /* AppDelegate.swift */; };
		9892BDD6267D316400ED9808 /* SceneDelegate.swift in Sources */ = {isa = PBXBuildFile; fileRef = 9892BDD5267D316400ED9808 /* SceneDelegate.swift */; };
		9892BDD8267D316400ED9808 /* ViewController.swift in Sources */ = {isa = PBXBuildFile; fileRef = 9892BDD7267D316400ED9808 /* ViewController.swift */; };
		9892BDDB267D316400ED9808 /* Main.storyboard in Resources */ = {isa = PBXBuildFile; fileRef = 9892BDD9267D316400ED9808 /* Main.storyboard */; };
		9892BDDD267D316500ED9808 /* Assets.xcassets in Resources */ = {isa = PBXBuildFile; fileRef = 9892BDDC267D316500ED9808 /* Assets.xcassets */; };
		9892BDE0267D316500ED9808 /* LaunchScreen.storyboard in Resources */ = {isa = PBXBuildFile; fileRef = 9892BDDE267D316500ED9808 /* LaunchScreen.storyboard */; };
/* End PBXBuildFile section */

/* Begin PBXFileReference section */
		9892BDD0267D316400ED9808 /* Lauch, Icons and Others.app */ = {isa = PBXFileReference; explicitFileType = wrapper.application; includeInIndex = 0; path = "Lauch, Icons and Others.app"; sourceTree = BUILT_PRODUCTS_DIR; };
		9892BDD3267D316400ED9808 /* AppDelegate.swift */ = {isa = PBXFileReference; lastKnownFileType = sourcecode.swift; path = AppDelegate.swift; sourceTree = "<group>"; };
		9892BDD5267D316400ED9808 /* SceneDelegate.swift */ = {isa = PBXFileReference; lastKnownFileType = sourcecode.swift; path = SceneDelegate.swift; sourceTree = "<group>"; };
		9892BDD7267D316400ED9808 /* ViewController.swift */ = {isa = PBXFileReference; lastKnownFileType = sourcecode.swift; path = ViewController.swift; sourceTree = "<group>"; };
		9892BDDA267D316400ED9808 /* Base */ = {isa = PBXFileReference; lastKnownFileType = file.storyboard; name = Base; path = Base.lproj/Main.storyboard; sourceTree = "<group>"; };
		9892BDDC267D316500ED9808 /* Assets.xcassets */ = {isa = PBXFileReference; lastKnownFileType = folder.assetcatalog; path = Assets.xcassets; sourceTree = "<group>"; };
		9892BDDF267D316500ED9808 /* Base */ = {isa = PBXFileReference; lastKnownFileType = file.storyboard; name = Base; path = Base.lproj/LaunchScreen.storyboard; sourceTree = "<group>"; };
		9892BDE1267D316500ED9808 /* Info.plist */ = {isa = PBXFileReference; lastKnownFileType = text.plist.xml; path = Info.plist; sourceTree = "<group>"; };
/* End PBXFileReference section */

/* Begin PBXFrameworksBuildPhase section */
		9892BDCD267D316400ED9808 /* Frameworks */ = {
			isa = PBXFrameworksBuildPhase;
			buildActionMask = 2147483647;
			files = (
			);
			runOnlyForDeploymentPostprocessing = 0;
		};
/* End PBXFrameworksBuildPhase section */

/* Begin PBXGroup section */
		9892BDC7267D316400ED9808 = {
			isa = PBXGroup;
			children = (
				9892BDD2267D316400ED9808 /* Lauch, Icons and Others */,
				9892BDD1267D316400ED9808 /* Products */,
			);
			sourceTree = "<group>";
		};
		9892BDD1267D316400ED9808 /* Products */ = {
			isa = PBXGroup;
			children = (
				9892BDD0267D316400ED9808 /* Lauch, Icons and Others.app */,
			);
			name = Products;
			sourceTree = "<group>";
		};
		9892BDD2267D316400ED9808 /* Lauch, Icons and Others */ = {
			isa = PBXGroup;
			children = (
				9892BDD3267D316400ED9808 /* AppDelegate.swift */,
				9892BDD5267D316400ED9808 /* SceneDelegate.swift */,
				9892BDD7267D316400ED9808 /* ViewController.swift */,
				9892BDD9267D316400ED9808 /* Main.storyboard */,
				9892BDDC267D316500ED9808 /* Assets.xcassets */,
				9892BDDE267D316500ED9808 /* LaunchScreen.storyboard */,
				9892BDE1267D316500ED9808 /* Info.plist */,
			);
			path = "Lauch, Icons and Others";
			sourceTree = "<group>";
		};
/* End PBXGroup section */

/* Begin PBXNativeTarget section */
		9892BDCF267D316400ED9808 /* Lauch, Icons and Others */ = {
			isa = PBXNativeTarget;
			buildConfigurationList = 9892BDE4267D316500ED9808 /* Build configuration list for PBXNativeTarget "Lauch, Icons and Others" */;
			buildPhases = (
				9892BDCC267D316400ED9808 /* Sources */,
				9892BDCD267D316400ED9808 /* Frameworks */,
				9892BDCE267D316400ED9808 /* Resources */,
			);
			buildRules = (
			);
			dependencies = (
			);
			name = "Lauch, Icons and Others";
			productName = "Lauch, Icons and Others";
			productReference = 9892BDD0267D316400ED9808 /* Lauch, Icons and Others.app */;
			productType = "com.apple.product-type.application";
		};
/* End PBXNativeTarget section */

/* Begin PBXProject section */
		9892BDC8267D316400ED9808 /* Project object */ = {
			isa = PBXProject;
			attributes = {
				LastSwiftUpdateCheck = 1250;
				LastUpgradeCheck = 1250;
				TargetAttributes = {
					9892BDCF267D316400ED9808 = {
						CreatedOnToolsVersion = 12.5;
					};
				};
			};
			buildConfigurationList = 9892BDCB267D316400ED9808 /* Build configuration list for PBXProject "Lauch, Icons and Others" */;
			compatibilityVersion = "Xcode 9.3";
			developmentRegion = en;
			hasScannedForEncodings = 0;
			knownRegions = (
				en,
				Base,
			);
			mainGroup = 9892BDC7267D316400ED9808;
			productRefGroup = 9892BDD1267D316400ED9808 /* Products */;
			projectDirPath = "";
			projectRoot = "";
			targets = (
				9892BDCF267D316400ED9808 /* Lauch, Icons and Others */,
			);
		};
/* End PBXProject section */

/* Begin PBXResourcesBuildPhase section */
		9892BDCE267D316400ED9808 /* Resources */ = {
			isa = PBXResourcesBuildPhase;
			buildActionMask = 2147483647;
			files = (
				9892BDE0267D316500ED9808 /* LaunchScreen.storyboard in Resources */,
				9892BDDD267D316500ED9808 /* Assets.xcassets in Resources */,
				9892BDDB267D316400ED9808 /* Main.storyboard in Resources */,
			);
			runOnlyForDeploymentPostprocessing = 0;
		};
/* End PBXResourcesBuildPhase section */

/* Begin PBXSourcesBuildPhase section */
		9892BDCC267D316400ED9808 /* Sources */ = {
			isa = PBXSourcesBuildPhase;
			buildActionMask = 2147483647;
			files = (
				9892BDD8267D316400ED9808 /* ViewController.swift in Sources */,
				9892BDD4267D316400ED9808 /* AppDelegate.swift in Sources */,
				9892BDD6267D316400ED9808 /* SceneDelegate.swift in Sources */,
			);
			runOnlyForDeploymentPostprocessing = 0;
		};
/* End PBXSourcesBuildPhase section */

/* Begin PBXVariantGroup section */
		9892BDD9267D316400ED9808 /* Main.storyboard */ = {
			isa = PBXVariantGroup;
			children = (
				9892BDDA267D316400ED9808 /* Base */,
			);
			name = Main.storyboard;
			sourceTree = "<group>";
		};
		9892BDDE267D316500ED9808 /* LaunchScreen.storyboard */ = {
			isa = PBXVariantGroup;
			children = (
				9892BDDF267D316500ED9808 /* Base */,
			);
			name = LaunchScreen.storyboard;
			sourceTree = "<group>";
		};
/* End PBXVariantGroup section */

/* Begin XCBuildConfiguration section */
		9892BDE2267D316500ED9808 /* Debug */ = {
			isa = XCBuildConfiguration;
			buildSettings = {
				ALWAYS_SEARCH_USER_PATHS = NO;
				CLANG_ANALYZER_NONNULL = YES;
				CLANG_ANALYZER_NUMBER_OBJECT_CONVERSION = YES_AGGRESSIVE;
				CLANG_CXX_LANGUAGE_STANDARD = "gnu++14";
				CLANG_CXX_LIBRARY = "libc++";
				CLANG_ENABLE_MODULES = YES;
				CLANG_ENABLE_OBJC_ARC = YES;
				CLANG_ENABLE_OBJC_WEAK = YES;
				CLANG_WARN_BLOCK_CAPTURE_AUTORELEASING = YES;
				CLANG_WARN_BOOL_CONVERSION = YES;
				CLANG_WARN_COMMA = YES;
				CLANG_WARN_CONSTANT_CONVERSION = YES;
				CLANG_WARN_DEPRECATED_OBJC_IMPLEMENTATIONS = YES;
				CLANG_WARN_DIRECT_OBJC_ISA_USAGE = YES_ERROR;
				CLANG_WARN_DOCUMENTATION_COMMENTS = YES;
				CLANG_WARN_EMPTY_BODY = YES;
				CLANG_WARN_ENUM_CONVERSION = YES;
				CLANG_WARN_INFINITE_RECURSION = YES;
				CLANG_WARN_INT_CONVERSION = YES;
				CLANG_WARN_NON_LITERAL_NULL_CONVERSION = YES;
				CLANG_WARN_OBJC_IMPLICIT_RETAIN_SELF = YES;
				CLANG_WARN_OBJC_LITERAL_CONVERSION = YES;
				CLANG_WARN_OBJC_ROOT_CLASS = YES_ERROR;
				CLANG_WARN_QUOTED_INCLUDE_IN_FRAMEWORK_HEADER = YES;
				CLANG_WARN_RANGE_LOOP_ANALYSIS = YES;
				CLANG_WARN_STRICT_PROTOTYPES = YES;
				CLANG_WARN_SUSPICIOUS_MOVE = YES;
				CLANG_WARN_UNGUARDED_AVAILABILITY = YES_AGGRESSIVE;
				CLANG_WARN_UNREACHABLE_CODE = YES;
				CLANG_WARN__DUPLICATE_METHOD_MATCH = YES;
				COPY_PHASE_STRIP = NO;
				DEBUG_INFORMATION_FORMAT = dwarf;
				ENABLE_STRICT_OBJC_MSGSEND = YES;
				ENABLE_TESTABILITY = YES;
				GCC_C_LANGUAGE_STANDARD = gnu11;
				GCC_DYNAMIC_NO_PIC = NO;
				GCC_NO_COMMON_BLOCKS = YES;
				GCC_OPTIMIZATION_LEVEL = 0;
				GCC_PREPROCESSOR_DEFINITIONS = (
					"DEBUG=1",
					"$(inherited)",
				);
				GCC_WARN_64_TO_32_BIT_CONVERSION = YES;
				GCC_WARN_ABOUT_RETURN_TYPE = YES_ERROR;
				GCC_WARN_UNDECLARED_SELECTOR = YES;
				GCC_WARN_UNINITIALIZED_AUTOS = YES_AGGRESSIVE;
				GCC_WARN_UNUSED_FUNCTION = YES;
				GCC_WARN_UNUSED_VARIABLE = YES;
				IPHONEOS_DEPLOYMENT_TARGET = 14.5;
				MTL_ENABLE_DEBUG_INFO = INCLUDE_SOURCE;
				MTL_FAST_MATH = YES;
				ONLY_ACTIVE_ARCH = YES;
				SDKROOT = iphoneos;
				SWIFT_ACTIVE_COMPILATION_CONDITIONS = DEBUG;
				SWIFT_OPTIMIZATION_LEVEL = "-Onone";
			};
			name = Debug;
		};
		9892BDE3267D316500ED9808 /* Release */ = {
			isa = XCBuildConfiguration;
			buildSettings = {
				ALWAYS_SEARCH_USER_PATHS = NO;
				CLANG_ANALYZER_NONNULL = YES;
				CLANG_ANALYZER_NUMBER_OBJECT_CONVERSION = YES_AGGRESSIVE;
				CLANG_CXX_LANGUAGE_STANDARD = "gnu++14";
				CLANG_CXX_LIBRARY = "libc++";
				CLANG_ENABLE_MODULES = YES;
				CLANG_ENABLE_OBJC_ARC = YES;
				CLANG_ENABLE_OBJC_WEAK = YES;
				CLANG_WARN_BLOCK_CAPTURE_AUTORELEASING = YES;
				CLANG_WARN_BOOL_CONVERSION = YES;
				CLANG_WARN_COMMA = YES;
				CLANG_WARN_CONSTANT_CONVERSION = YES;
				CLANG_WARN_DEPRECATED_OBJC_IMPLEMENTATIONS = YES;
				CLANG_WARN_DIRECT_OBJC_ISA_USAGE = YES_ERROR;
				CLANG_WARN_DOCUMENTATION_COMMENTS = YES;
				CLANG_WARN_EMPTY_BODY = YES;
				CLANG_WARN_ENUM_CONVERSION = YES;
				CLANG_WARN_INFINITE_RECURSION = YES;
				CLANG_WARN_INT_CONVERSION = YES;
				CLANG_WARN_NON_LITERAL_NULL_CONVERSION = YES;
				CLANG_WARN_OBJC_IMPLICIT_RETAIN_SELF = YES;
				CLANG_WARN_OBJC_LITERAL_CONVERSION = YES;
				CLANG_WARN_OBJC_ROOT_CLASS = YES_ERROR;
				CLANG_WARN_QUOTED_INCLUDE_IN_FRAMEWORK_HEADER = YES;
				CLANG_WARN_RANGE_LOOP_ANALYSIS = YES;
				CLANG_WARN_STRICT_PROTOTYPES = YES;
				CLANG_WARN_SUSPICIOUS_MOVE = YES;
				CLANG_WARN_UNGUARDED_AVAILABILITY = YES_AGGRESSIVE;
				CLANG_WARN_UNREACHABLE_CODE = YES;
				CLANG_WARN__DUPLICATE_METHOD_MATCH = YES;
				COPY_PHASE_STRIP = NO;
				DEBUG_INFORMATION_FORMAT = "dwarf-with-dsym";
				ENABLE_NS_ASSERTIONS = NO;
				ENABLE_STRICT_OBJC_MSGSEND = YES;
				GCC_C_LANGUAGE_STANDARD = gnu11;
				GCC_NO_COMMON_BLOCKS = YES;
				GCC_WARN_64_TO_32_BIT_CONVERSION = YES;
				GCC_WARN_ABOUT_RETURN_TYPE = YES_ERROR;
				GCC_WARN_UNDECLARED_SELECTOR = YES;
				GCC_WARN_UNINITIALIZED_AUTOS = YES_AGGRESSIVE;
				GCC_WARN_UNUSED_FUNCTION = YES;
				GCC_WARN_UNUSED_VARIABLE = YES;
				IPHONEOS_DEPLOYMENT_TARGET = 14.5;
				MTL_ENABLE_DEBUG_INFO = NO;
				MTL_FAST_MATH = YES;
				SDKROOT = iphoneos;
				SWIFT_COMPILATION_MODE = wholemodule;
				SWIFT_OPTIMIZATION_LEVEL = "-O";
				VALIDATE_PRODUCT = YES;
			};
			name = Release;
		};
		9892BDE5267D316500ED9808 /* Debug */ = {
			isa = XCBuildConfiguration;
			buildSettings = {
				ASSETCATALOG_COMPILER_APPICON_NAME = AppIcon;
				ASSETCATALOG_COMPILER_GLOBAL_ACCENT_COLOR_NAME = AccentColor;
				CODE_SIGN_STYLE = Automatic;
				DEVELOPMENT_TEAM = MKU9V22KT6;
				INFOPLIST_FILE = "Lauch, Icons and Others/Info.plist";
				LD_RUNPATH_SEARCH_PATHS = (
					"$(inherited)",
					"@executable_path/Frameworks",
				);
				PRODUCT_BUNDLE_IDENTIFIER = "bryan-battu.Lauch--Icons-and-Others";
				PRODUCT_NAME = "$(TARGET_NAME)";
				SWIFT_VERSION = 5.0;
				TARGETED_DEVICE_FAMILY = "1,2";
			};
			name = Debug;
		};
		9892BDE6267D316500ED9808 /* Release */ = {
			isa = XCBuildConfiguration;
			buildSettings = {
				ASSETCATALOG_COMPILER_APPICON_NAME = AppIcon;
				ASSETCATALOG_COMPILER_GLOBAL_ACCENT_COLOR_NAME = AccentColor;
				CODE_SIGN_STYLE = Automatic;
				DEVELOPMENT_TEAM = MKU9V22KT6;
				INFOPLIST_FILE = "Lauch, Icons and Others/Info.plist";
				LD_RUNPATH_SEARCH_PATHS = (
					"$(inherited)",
					"@executable_path/Frameworks",
				);
				PRODUCT_BUNDLE_IDENTIFIER = "bryan-battu.Lauch--Icons-and-Others";
				PRODUCT_NAME = "$(TARGET_NAME)";
				SWIFT_VERSION = 5.0;
				TARGETED_DEVICE_FAMILY = "1,2";
			};
			name = Release;
		};
/* End XCBuildConfiguration section */

/* Begin XCConfigurationList section */
		9892BDCB267D316400ED9808 /* Build configuration list for PBXProject "Lauch, Icons and Others" */ = {
			isa = XCConfigurationList;
			buildConfigurations = (
				9892BDE2267D316500ED9808 /* Debug */,
				9892BDE3267D316500ED9808 /* Release */,
			);
			defaultConfigurationIsVisible = 0;
			defaultConfigurationName = Release;
		};
		9892BDE4267D316500ED9808 /* Build configuration list for PBXNativeTarget "Lauch, Icons and Others" */ = {
			isa = XCConfigurationList;
			buildConfigurations = (
				9892BDE5267D316500ED9808 /* Debug */,
				9892BDE6267D316500ED9808 /* Release */,
			);
			defaultConfigurationIsVisible = 0;
			defaultConfigurationName = Release;
		};
/* End XCConfigurationList section */
	};
	rootObject = 9892BDC8267D316400ED9808 /* Project object */;
}
